
Microsoft Visual Studio Solution File, Format Version 12.00
# Visual Studio Version 16
VisualStudioVersion = 16.0.31205.134
MinimumVisualStudioVersion = 10.0.40219.1
Project("{FAE04EC0-301F-11D3-BF4B-00C04F79EFBC}") = "Lesson1", "Lesson1\Lesson1.csproj", "{5B576BDC-5571-4159-8CF0-DB1F92E10433}"
EndProject
Project("{FAE04EC0-301F-11D3-BF4B-00C04F79EFBC}") = "Ex4", "Ex1\Ex4.csproj", "{F634C2B6-113F-42CB-BE2A-9341C5ADA806}"
EndProject
Project("{FAE04EC0-301F-11D3-BF4B-00C04F79EFBC}") = "Ex2", "Ex2\Ex2.csproj", "{683D7498-FF53-4B38-815C-A955D7B79175}"
EndProject
Project("{FAE04EC0-301F-11D3-BF4B-00C04F79EFBC}") = "Ex3", "Ex3\Ex3.csproj", "{54F22D43-D4D1-4603-B814-568B134F10B6}"
EndProject
Global
	GlobalSection(SolutionConfigurationPlatforms) = preSolution
		Debug|Any CPU = Debug|Any CPU
		Release|Any CPU = Release|Any CPU
	EndGlobalSection
	GlobalSection(ProjectConfigurationPlatforms) = postSolution
		{5B576BDC-5571-4159-8CF0-DB1F92E10433}.Debug|Any CPU.ActiveCfg = Debug|Any CPU
		{5B576BDC-5571-4159-8CF0-DB1F92E10433}.Debug|Any CPU.Build.0 = Debug|Any CPU
		{5B576BDC-5571-4159-8CF0-DB1F92E10433}.Release|Any CPU.ActiveCfg = Release|Any CPU
		{5B576BDC-5571-4159-8CF0-DB1F92E10433}.Release|Any CPU.Build.0 = Release|Any CPU
		{F634C2B6-113F-42CB-BE2A-9341C5ADA806}.Debug|Any CPU.ActiveCfg = Debug|Any CPU
		{F634C2B6-113F-42CB-BE2A-9341C5ADA806}.Debug|Any CPU.Build.0 = Debug|Any CPU
		{F634C2B6-113F-42CB-BE2A-9341C5ADA806}.Release|Any CPU.ActiveCfg = Release|Any CPU
		{F634C2B6-113F-42CB-BE2A-9341C5ADA806}.Release|Any CPU.Build.0 = Release|Any CPU
		{683D7498-FF53-4B38-815C-A955D7B79175}.Debug|Any CPU.ActiveCfg = Debug|Any CPU
		{683D7498-FF53-4B38-815C-A955D7B79175}.Debug|Any CPU.Build.0 = Debug|Any CPU
		{683D7498-FF53-4B38-815C-A955D7B79175}.Release|Any CPU.ActiveCfg = Release|Any CPU
		{683D7498-FF53-4B38-815C-A955D7B79175}.Release|Any CPU.Build.0 = Release|Any CPU
		{54F22D43-D4D1-4603-B814-568B134F10B6}.Debug|Any CPU.ActiveCfg = Debug|Any CPU
		{54F22D43-D4D1-4603-B814-568B134F10B6}.Debug|Any CPU.Build.0 = Debug|Any CPU
		{54F22D43-D4D1-4603-B814-568B134F10B6}.Release|Any CPU.ActiveCfg = Release|Any CPU
		{54F22D43-D4D1-4603-B814-568B134F10B6}.Release|Any CPU.Build.0 = Release|Any CPU
	EndGlobalSection
	GlobalSection(SolutionProperties) = preSolution
		HideSolutionNode = FALSE
	EndGlobalSection
	GlobalSection(ExtensibilityGlobals) = postSolution
		SolutionGuid = {7DD913C9-063A-4E0B-860B-FC38F4CF53A7}
	EndGlobalSection
EndGlobal
